{
  "name": "sesport",
  "version": "1.0.0",
  "lockfileVersion": 3,
  "requires": true,
  "packages": {
    "": {
      "name": "sesport",
      "version": "1.0.0",
      "devDependencies": {
        "@iconify/json": "^2.2.483"
      }
    },
    "node_modules/@iconify/json": {
      "version": "2.2.483",
      "resolved": "https://registry.npmjs.org/@iconify/json/-/json-2.2.483.tgz",
      "integrity": "sha512-LpxtDg0b1akhxSxXu0Kpx8Pz+wq3AAO9Nb4ZWAeTEG2tVcfonKLXdGAS1CWRsz6DTCliIema1kI5r1/7TI2VHw==",
      "dev": true,
      "license": "MIT",
      "dependencies": {
        "@iconify/types": "*",
        "pathe": "^2.0.3"
      }
    },
    "node_modules/@iconify/types": {
      "version": "2.0.0",
      "resolved": "https://registry.npmjs.org/@iconify/types/-/types-2.0.0.tgz",
      "integrity": "sha512-+wluvCrRhXrhyOmRDJ3q8mux9JkKy5SJ/v8ol2tu4FVjyYvtEzkc/3pK15ET6RKg4b4w4BmTk1+gsCUhf21Ykg==",
      "dev": true,
      "license": "MIT"
    },
    "node_modules/pathe": {
      "version": "2.0.3",
      "resolved": "https://registry.npmjs.org/pathe/-/pathe-2.0.3.tgz",
      "integrity": "sha512-WUjGcAqP1gQacoQe+OBJsFA7Ld4DyXuUIjZ5cc75cLHvJ7dtNsTugphxIADwspS+AraAUePCKrSVtPLFj/F88w==",
      "dev": true,
      "license": "MIT"
    }
  }
}
