
Microsoft Visual Studio Solution File, Format Version 12.00
# Visual Studio Version 18
VisualStudioVersion = 18.6.11822.322
MinimumVisualStudioVersion = 10.0.40219.1
Project("{2150E333-8FDC-42A3-9474-1A3956D46DE8}") = "src", "src", "{827E0CD3-B72D-47B6-A68D-7590B98EB39B}"
EndProject
Project("{FAE04EC0-301F-11D3-BF4B-00C04F79EFBC}") = "SESport.Core", "src\SESport.Core\SESport.Core.csproj", "{F906B288-C7C9-4DDA-A8C8-0AACC2B0AE5E}"
EndProject
Project("{2150E333-8FDC-42A3-9474-1A3956D46DE8}") = "tests", "tests", "{0AB3BF05-4346-4AA6-1389-037BE0695223}"
EndProject
Project("{FAE04EC0-301F-11D3-BF4B-00C04F79EFBC}") = "SESport.Core.Tests", "tests\SESport.Core.Tests\SESport.Core.Tests.csproj", "{25C8B4DF-8175-4AFF-B83E-F5FA397E05E8}"
EndProject
Project("{2150E333-8FDC-42A3-9474-1A3956D46DE8}") = "doc", "doc", "{FF5E4F5A-4E3D-47E4-82DB-1AC8E67DDDAC}"
	ProjectSection(SolutionItems) = preProject
		README.md = README.md
		docs\source-strategy.md = docs\source-strategy.md
		docs\use-cases.md = docs\use-cases.md
	EndProjectSection
EndProject
Project("{FAE04EC0-301F-11D3-BF4B-00C04F79EFBC}") = "SESport.Sources.Iihf", "src\SESport.Sources.Iihf\SESport.Sources.Iihf.csproj", "{B8EAAA3C-9B50-430D-8528-E4D7AD6DD875}"
EndProject
Project("{2150E333-8FDC-42A3-9474-1A3956D46DE8}") = "database", "database", "{5E54E42B-A5A1-4D3E-AD95-F2D0392FC0F2}"
	ProjectSection(SolutionItems) = preProject
		database\README.md = database\README.md
		database\run-migrations.ps1 = database\run-migrations.ps1
		database\run-migrations.sh = database\run-migrations.sh
	EndProjectSection
EndProject
Project("{2150E333-8FDC-42A3-9474-1A3956D46DE8}") = "migrations", "migrations", "{9A7A1DAD-F8E4-47CE-BBE7-172429F58F1D}"
	ProjectSection(SolutionItems) = preProject
		database\migrations\001_create_competitions.sql = database\migrations\001_create_competitions.sql
	EndProjectSection
EndProject
Project("{2150E333-8FDC-42A3-9474-1A3956D46DE8}") = "tools", "tools", "{084226A2-8533-49C9-82FD-B9F1FE3349AB}"
EndProject
Project("{FAE04EC0-301F-11D3-BF4B-00C04F79EFBC}") = "SESport.ImportSmokeTest", "tools\SESport.ImportSmokeTest\SESport.ImportSmokeTest.csproj", "{A79AFA24-A462-4773-ADA7-5244BB7D3552}"
EndProject
Global
	GlobalSection(SolutionConfigurationPlatforms) = preSolution
		Debug|Any CPU = Debug|Any CPU
		Debug|x64 = Debug|x64
		Debug|x86 = Debug|x86
		Release|Any CPU = Release|Any CPU
		Release|x64 = Release|x64
		Release|x86 = Release|x86
	EndGlobalSection
	GlobalSection(ProjectConfigurationPlatforms) = postSolution
		{F906B288-C7C9-4DDA-A8C8-0AACC2B0AE5E}.Debug|Any CPU.ActiveCfg = Debug|Any CPU
		{F906B288-C7C9-4DDA-A8C8-0AACC2B0AE5E}.Debug|Any CPU.Build.0 = Debug|Any CPU
		{F906B288-C7C9-4DDA-A8C8-0AACC2B0AE5E}.Debug|x64.ActiveCfg = Debug|Any CPU
		{F906B288-C7C9-4DDA-A8C8-0AACC2B0AE5E}.Debug|x64.Build.0 = Debug|Any CPU
		{F906B288-C7C9-4DDA-A8C8-0AACC2B0AE5E}.Debug|x86.ActiveCfg = Debug|Any CPU
		{F906B288-C7C9-4DDA-A8C8-0AACC2B0AE5E}.Debug|x86.Build.0 = Debug|Any CPU
		{F906B288-C7C9-4DDA-A8C8-0AACC2B0AE5E}.Release|Any CPU.ActiveCfg = Release|Any CPU
		{F906B288-C7C9-4DDA-A8C8-0AACC2B0AE5E}.Release|Any CPU.Build.0 = Release|Any CPU
		{F906B288-C7C9-4DDA-A8C8-0AACC2B0AE5E}.Release|x64.ActiveCfg = Release|Any CPU
		{F906B288-C7C9-4DDA-A8C8-0AACC2B0AE5E}.Release|x64.Build.0 = Release|Any CPU
		{F906B288-C7C9-4DDA-A8C8-0AACC2B0AE5E}.Release|x86.ActiveCfg = Release|Any CPU
		{F906B288-C7C9-4DDA-A8C8-0AACC2B0AE5E}.Release|x86.Build.0 = Release|Any CPU
		{25C8B4DF-8175-4AFF-B83E-F5FA397E05E8}.Debug|Any CPU.ActiveCfg = Debug|Any CPU
		{25C8B4DF-8175-4AFF-B83E-F5FA397E05E8}.Debug|Any CPU.Build.0 = Debug|Any CPU
		{25C8B4DF-8175-4AFF-B83E-F5FA397E05E8}.Debug|x64.ActiveCfg = Debug|Any CPU
		{25C8B4DF-8175-4AFF-B83E-F5FA397E05E8}.Debug|x64.Build.0 = Debug|Any CPU
		{25C8B4DF-8175-4AFF-B83E-F5FA397E05E8}.Debug|x86.ActiveCfg = Debug|Any CPU
		{25C8B4DF-8175-4AFF-B83E-F5FA397E05E8}.Debug|x86.Build.0 = Debug|Any CPU
		{25C8B4DF-8175-4AFF-B83E-F5FA397E05E8}.Release|Any CPU.ActiveCfg = Release|Any CPU
		{25C8B4DF-8175-4AFF-B83E-F5FA397E05E8}.Release|Any CPU.Build.0 = Release|Any CPU
		{25C8B4DF-8175-4AFF-B83E-F5FA397E05E8}.Release|x64.ActiveCfg = Release|Any CPU
		{25C8B4DF-8175-4AFF-B83E-F5FA397E05E8}.Release|x64.Build.0 = Release|Any CPU
		{25C8B4DF-8175-4AFF-B83E-F5FA397E05E8}.Release|x86.ActiveCfg = Release|Any CPU
		{25C8B4DF-8175-4AFF-B83E-F5FA397E05E8}.Release|x86.Build.0 = Release|Any CPU
		{B8EAAA3C-9B50-430D-8528-E4D7AD6DD875}.Debug|Any CPU.ActiveCfg = Debug|Any CPU
		{B8EAAA3C-9B50-430D-8528-E4D7AD6DD875}.Debug|Any CPU.Build.0 = Debug|Any CPU
		{B8EAAA3C-9B50-430D-8528-E4D7AD6DD875}.Debug|x64.ActiveCfg = Debug|Any CPU
		{B8EAAA3C-9B50-430D-8528-E4D7AD6DD875}.Debug|x64.Build.0 = Debug|Any CPU
		{B8EAAA3C-9B50-430D-8528-E4D7AD6DD875}.Debug|x86.ActiveCfg = Debug|Any CPU
		{B8EAAA3C-9B50-430D-8528-E4D7AD6DD875}.Debug|x86.Build.0 = Debug|Any CPU
		{B8EAAA3C-9B50-430D-8528-E4D7AD6DD875}.Release|Any CPU.ActiveCfg = Release|Any CPU
		{B8EAAA3C-9B50-430D-8528-E4D7AD6DD875}.Release|Any CPU.Build.0 = Release|Any CPU
		{B8EAAA3C-9B50-430D-8528-E4D7AD6DD875}.Release|x64.ActiveCfg = Release|Any CPU
		{B8EAAA3C-9B50-430D-8528-E4D7AD6DD875}.Release|x64.Build.0 = Release|Any CPU
		{B8EAAA3C-9B50-430D-8528-E4D7AD6DD875}.Release|x86.ActiveCfg = Release|Any CPU
		{B8EAAA3C-9B50-430D-8528-E4D7AD6DD875}.Release|x86.Build.0 = Release|Any CPU
		{A79AFA24-A462-4773-ADA7-5244BB7D3552}.Debug|Any CPU.ActiveCfg = Debug|Any CPU
		{A79AFA24-A462-4773-ADA7-5244BB7D3552}.Debug|Any CPU.Build.0 = Debug|Any CPU
		{A79AFA24-A462-4773-ADA7-5244BB7D3552}.Debug|x64.ActiveCfg = Debug|Any CPU
		{A79AFA24-A462-4773-ADA7-5244BB7D3552}.Debug|x64.Build.0 = Debug|Any CPU
		{A79AFA24-A462-4773-ADA7-5244BB7D3552}.Debug|x86.ActiveCfg = Debug|Any CPU
		{A79AFA24-A462-4773-ADA7-5244BB7D3552}.Debug|x86.Build.0 = Debug|Any CPU
		{A79AFA24-A462-4773-ADA7-5244BB7D3552}.Release|Any CPU.ActiveCfg = Release|Any CPU
		{A79AFA24-A462-4773-ADA7-5244BB7D3552}.Release|Any CPU.Build.0 = Release|Any CPU
		{A79AFA24-A462-4773-ADA7-5244BB7D3552}.Release|x64.ActiveCfg = Release|Any CPU
		{A79AFA24-A462-4773-ADA7-5244BB7D3552}.Release|x64.Build.0 = Release|Any CPU
		{A79AFA24-A462-4773-ADA7-5244BB7D3552}.Release|x86.ActiveCfg = Release|Any CPU
		{A79AFA24-A462-4773-ADA7-5244BB7D3552}.Release|x86.Build.0 = Release|Any CPU
	EndGlobalSection
	GlobalSection(SolutionProperties) = preSolution
		HideSolutionNode = FALSE
	EndGlobalSection
	GlobalSection(NestedProjects) = preSolution
		{F906B288-C7C9-4DDA-A8C8-0AACC2B0AE5E} = {827E0CD3-B72D-47B6-A68D-7590B98EB39B}
		{25C8B4DF-8175-4AFF-B83E-F5FA397E05E8} = {0AB3BF05-4346-4AA6-1389-037BE0695223}
		{B8EAAA3C-9B50-430D-8528-E4D7AD6DD875} = {827E0CD3-B72D-47B6-A68D-7590B98EB39B}
		{9A7A1DAD-F8E4-47CE-BBE7-172429F58F1D} = {5E54E42B-A5A1-4D3E-AD95-F2D0392FC0F2}
		{A79AFA24-A462-4773-ADA7-5244BB7D3552} = {084226A2-8533-49C9-82FD-B9F1FE3349AB}
	EndGlobalSection
	GlobalSection(ExtensibilityGlobals) = postSolution
		SolutionGuid = {C80B2B88-11D1-4C2E-9732-6EAB6E858671}
	EndGlobalSection
EndGlobal
