
Microsoft Visual Studio Solution File, Format Version 12.00
# Visual Studio Version 18
VisualStudioVersion = 18.6.11822.322
MinimumVisualStudioVersion = 10.0.40219.1
Project("{2150E333-8FDC-42A3-9474-1A3956D46DE8}") = "src", "src", "{827E0CD3-B72D-47B6-A68D-7590B98EB39B}"
EndProject
Project("{FAE04EC0-301F-11D3-BF4B-00C04F79EFBC}") = "SESport.Core", "src\SESport.Core\SESport.Core.csproj", "{F906B288-C7C9-4DDA-A8C8-0AACC2B0AE5E}"
EndProject
Project("{2150E333-8FDC-42A3-9474-1A3956D46DE8}") = "tests", "tests", "{0AB3BF05-4346-4AA6-1389-037BE0695223}"
EndProject
Project("{FAE04EC0-301F-11D3-BF4B-00C04F79EFBC}") = "SESport.Core.Tests", "tests\SESport.Core.Tests\SESport.Core.Tests.csproj", "{25C8B4DF-8175-4AFF-B83E-F5FA397E05E8}"
EndProject
Project("{FAE04EC0-301F-11D3-BF4B-00C04F79EFBC}") = "SESport.BroadcastImporter.Tests", "tests\SESport.BroadcastImporter.Tests\SESport.BroadcastImporter.Tests.csproj", "{1224ECCA-9DE5-4A3A-BD57-23BE1A0E4594}"
EndProject
Project("{2150E333-8FDC-42A3-9474-1A3956D46DE8}") = "tools", "tools", "{084226A2-8533-49C9-82FD-B9F1FE3349AB}"
EndProject
Project("{FAE04EC0-301F-11D3-BF4B-00C04F79EFBC}") = "SESport.Web", "src\SESport.Web\SESport.Web.csproj", "{2D85E13E-22B7-4790-B71E-CE5009381AB4}"
EndProject
Project("{FAE04EC0-301F-11D3-BF4B-00C04F79EFBC}") = "SESport.Data", "src\SESport.Data\SESport.Data.csproj", "{4FD13881-5DB9-48E6-928E-5D2EAC1C6FAE}"
EndProject
Project("{FAE04EC0-301F-11D3-BF4B-00C04F79EFBC}") = "SESport.BroadcastCollector", "tools\SESport.BroadcastCollector\SESport.BroadcastCollector.csproj", "{DE5B5BE9-6E2D-4FA6-9117-E7ED5BC43B3D}"
EndProject
Project("{FAE04EC0-301F-11D3-BF4B-00C04F79EFBC}") = "SESport.AI", "src\SESport.AI\SESport.AI.csproj", "{A71FEF04-04F3-4333-AB42-3BA838AF0E6A}"
EndProject
Project("{FAE04EC0-301F-11D3-BF4B-00C04F79EFBC}") = "SESport.BroadcastImporter", "tools\SESport.BroadcastImporter\SESport.BroadcastImporter.csproj", "{7CBA519B-4A19-4A10-9699-BAAF86DD0996}"
EndProject
Project("{FAE04EC0-301F-11D3-BF4B-00C04F79EFBC}") = "SESport.Data.Tests", "tests\SESport.Data.Tests\SESport.Data.Tests.csproj", "{00056BF1-E793-480A-9903-C027F7B1C166}"
EndProject
Project("{FAE04EC0-301F-11D3-BF4B-00C04F79EFBC}") = "SESport.AI.Tests", "tests\SESport.AI.Tests\SESport.AI.Tests.csproj", "{7914CD14-EF7C-4588-83EF-E8BB1A9434D4}"
EndProject
Project("{FAE04EC0-301F-11D3-BF4B-00C04F79EFBC}") = "SESport.Web.Tests", "tests\SESport.Web.Tests\SESport.Web.Tests.csproj", "{A6418FDB-AA79-4ACB-92CA-729F8940682D}"
EndProject
Project("{2150E333-8FDC-42A3-9474-1A3956D46DE8}") = "Solution Items", "Solution Items", "{066235E2-7F77-4838-B5A3-C7CA23A5698B}"
	ProjectSection(SolutionItems) = preProject
		docs\ai-platform.md = docs\ai-platform.md
		jobs\full-ai.md = jobs\full-ai.md
		jobs\48h-ai.md = jobs\48h-ai.md
		docs\db-backup.md = docs\db-backup.md
		docs\maintenance.md = docs\maintenance.md
	EndProjectSection
EndProject
Global
	GlobalSection(SolutionConfigurationPlatforms) = preSolution
		Debug|Any CPU = Debug|Any CPU
		Debug|x64 = Debug|x64
		Debug|x86 = Debug|x86
		Release|Any CPU = Release|Any CPU
		Release|x64 = Release|x64
		Release|x86 = Release|x86
	EndGlobalSection
	GlobalSection(ProjectConfigurationPlatforms) = postSolution
		{F906B288-C7C9-4DDA-A8C8-0AACC2B0AE5E}.Debug|Any CPU.ActiveCfg = Debug|Any CPU
		{F906B288-C7C9-4DDA-A8C8-0AACC2B0AE5E}.Debug|Any CPU.Build.0 = Debug|Any CPU
		{F906B288-C7C9-4DDA-A8C8-0AACC2B0AE5E}.Debug|x64.ActiveCfg = Debug|Any CPU
		{F906B288-C7C9-4DDA-A8C8-0AACC2B0AE5E}.Debug|x64.Build.0 = Debug|Any CPU
		{F906B288-C7C9-4DDA-A8C8-0AACC2B0AE5E}.Debug|x86.ActiveCfg = Debug|Any CPU
		{F906B288-C7C9-4DDA-A8C8-0AACC2B0AE5E}.Debug|x86.Build.0 = Debug|Any CPU
		{F906B288-C7C9-4DDA-A8C8-0AACC2B0AE5E}.Release|Any CPU.ActiveCfg = Release|Any CPU
		{F906B288-C7C9-4DDA-A8C8-0AACC2B0AE5E}.Release|Any CPU.Build.0 = Release|Any CPU
		{F906B288-C7C9-4DDA-A8C8-0AACC2B0AE5E}.Release|x64.ActiveCfg = Release|Any CPU
		{F906B288-C7C9-4DDA-A8C8-0AACC2B0AE5E}.Release|x64.Build.0 = Release|Any CPU
		{F906B288-C7C9-4DDA-A8C8-0AACC2B0AE5E}.Release|x86.ActiveCfg = Release|Any CPU
		{F906B288-C7C9-4DDA-A8C8-0AACC2B0AE5E}.Release|x86.Build.0 = Release|Any CPU
		{25C8B4DF-8175-4AFF-B83E-F5FA397E05E8}.Debug|Any CPU.ActiveCfg = Debug|Any CPU
		{25C8B4DF-8175-4AFF-B83E-F5FA397E05E8}.Debug|Any CPU.Build.0 = Debug|Any CPU
		{25C8B4DF-8175-4AFF-B83E-F5FA397E05E8}.Debug|x64.ActiveCfg = Debug|Any CPU
		{25C8B4DF-8175-4AFF-B83E-F5FA397E05E8}.Debug|x64.Build.0 = Debug|Any CPU
		{25C8B4DF-8175-4AFF-B83E-F5FA397E05E8}.Debug|x86.ActiveCfg = Debug|Any CPU
		{25C8B4DF-8175-4AFF-B83E-F5FA397E05E8}.Debug|x86.Build.0 = Debug|Any CPU
		{25C8B4DF-8175-4AFF-B83E-F5FA397E05E8}.Release|Any CPU.ActiveCfg = Release|Any CPU
		{25C8B4DF-8175-4AFF-B83E-F5FA397E05E8}.Release|Any CPU.Build.0 = Release|Any CPU
		{25C8B4DF-8175-4AFF-B83E-F5FA397E05E8}.Release|x64.ActiveCfg = Release|Any CPU
		{25C8B4DF-8175-4AFF-B83E-F5FA397E05E8}.Release|x64.Build.0 = Release|Any CPU
		{25C8B4DF-8175-4AFF-B83E-F5FA397E05E8}.Release|x86.ActiveCfg = Release|Any CPU
		{25C8B4DF-8175-4AFF-B83E-F5FA397E05E8}.Release|x86.Build.0 = Release|Any CPU
		{1224ECCA-9DE5-4A3A-BD57-23BE1A0E4594}.Debug|Any CPU.ActiveCfg = Debug|Any CPU
		{1224ECCA-9DE5-4A3A-BD57-23BE1A0E4594}.Debug|Any CPU.Build.0 = Debug|Any CPU
		{1224ECCA-9DE5-4A3A-BD57-23BE1A0E4594}.Debug|x64.ActiveCfg = Debug|Any CPU
		{1224ECCA-9DE5-4A3A-BD57-23BE1A0E4594}.Debug|x64.Build.0 = Debug|Any CPU
		{1224ECCA-9DE5-4A3A-BD57-23BE1A0E4594}.Debug|x86.ActiveCfg = Debug|Any CPU
		{1224ECCA-9DE5-4A3A-BD57-23BE1A0E4594}.Debug|x86.Build.0 = Debug|Any CPU
		{1224ECCA-9DE5-4A3A-BD57-23BE1A0E4594}.Release|Any CPU.ActiveCfg = Release|Any CPU
		{1224ECCA-9DE5-4A3A-BD57-23BE1A0E4594}.Release|Any CPU.Build.0 = Release|Any CPU
		{1224ECCA-9DE5-4A3A-BD57-23BE1A0E4594}.Release|x64.ActiveCfg = Release|Any CPU
		{1224ECCA-9DE5-4A3A-BD57-23BE1A0E4594}.Release|x64.Build.0 = Release|Any CPU
		{1224ECCA-9DE5-4A3A-BD57-23BE1A0E4594}.Release|x86.ActiveCfg = Release|Any CPU
		{1224ECCA-9DE5-4A3A-BD57-23BE1A0E4594}.Release|x86.Build.0 = Release|Any CPU
		{2D85E13E-22B7-4790-B71E-CE5009381AB4}.Debug|Any CPU.ActiveCfg = Debug|Any CPU
		{2D85E13E-22B7-4790-B71E-CE5009381AB4}.Debug|Any CPU.Build.0 = Debug|Any CPU
		{2D85E13E-22B7-4790-B71E-CE5009381AB4}.Debug|x64.ActiveCfg = Debug|Any CPU
		{2D85E13E-22B7-4790-B71E-CE5009381AB4}.Debug|x64.Build.0 = Debug|Any CPU
		{2D85E13E-22B7-4790-B71E-CE5009381AB4}.Debug|x86.ActiveCfg = Debug|Any CPU
		{2D85E13E-22B7-4790-B71E-CE5009381AB4}.Debug|x86.Build.0 = Debug|Any CPU
		{2D85E13E-22B7-4790-B71E-CE5009381AB4}.Release|Any CPU.ActiveCfg = Release|Any CPU
		{2D85E13E-22B7-4790-B71E-CE5009381AB4}.Release|Any CPU.Build.0 = Release|Any CPU
		{2D85E13E-22B7-4790-B71E-CE5009381AB4}.Release|x64.ActiveCfg = Release|Any CPU
		{2D85E13E-22B7-4790-B71E-CE5009381AB4}.Release|x64.Build.0 = Release|Any CPU
		{2D85E13E-22B7-4790-B71E-CE5009381AB4}.Release|x86.ActiveCfg = Release|Any CPU
		{2D85E13E-22B7-4790-B71E-CE5009381AB4}.Release|x86.Build.0 = Release|Any CPU
		{4FD13881-5DB9-48E6-928E-5D2EAC1C6FAE}.Debug|Any CPU.ActiveCfg = Debug|Any CPU
		{4FD13881-5DB9-48E6-928E-5D2EAC1C6FAE}.Debug|Any CPU.Build.0 = Debug|Any CPU
		{4FD13881-5DB9-48E6-928E-5D2EAC1C6FAE}.Debug|x64.ActiveCfg = Debug|Any CPU
		{4FD13881-5DB9-48E6-928E-5D2EAC1C6FAE}.Debug|x64.Build.0 = Debug|Any CPU
		{4FD13881-5DB9-48E6-928E-5D2EAC1C6FAE}.Debug|x86.ActiveCfg = Debug|Any CPU
		{4FD13881-5DB9-48E6-928E-5D2EAC1C6FAE}.Debug|x86.Build.0 = Debug|Any CPU
		{4FD13881-5DB9-48E6-928E-5D2EAC1C6FAE}.Release|Any CPU.ActiveCfg = Release|Any CPU
		{4FD13881-5DB9-48E6-928E-5D2EAC1C6FAE}.Release|Any CPU.Build.0 = Release|Any CPU
		{4FD13881-5DB9-48E6-928E-5D2EAC1C6FAE}.Release|x64.ActiveCfg = Release|Any CPU
		{4FD13881-5DB9-48E6-928E-5D2EAC1C6FAE}.Release|x64.Build.0 = Release|Any CPU
		{4FD13881-5DB9-48E6-928E-5D2EAC1C6FAE}.Release|x86.ActiveCfg = Release|Any CPU
		{4FD13881-5DB9-48E6-928E-5D2EAC1C6FAE}.Release|x86.Build.0 = Release|Any CPU
		{DE5B5BE9-6E2D-4FA6-9117-E7ED5BC43B3D}.Debug|Any CPU.ActiveCfg = Debug|Any CPU
		{DE5B5BE9-6E2D-4FA6-9117-E7ED5BC43B3D}.Debug|Any CPU.Build.0 = Debug|Any CPU
		{DE5B5BE9-6E2D-4FA6-9117-E7ED5BC43B3D}.Debug|x64.ActiveCfg = Debug|Any CPU
		{DE5B5BE9-6E2D-4FA6-9117-E7ED5BC43B3D}.Debug|x64.Build.0 = Debug|Any CPU
		{DE5B5BE9-6E2D-4FA6-9117-E7ED5BC43B3D}.Debug|x86.ActiveCfg = Debug|Any CPU
		{DE5B5BE9-6E2D-4FA6-9117-E7ED5BC43B3D}.Debug|x86.Build.0 = Debug|Any CPU
		{DE5B5BE9-6E2D-4FA6-9117-E7ED5BC43B3D}.Release|Any CPU.ActiveCfg = Release|Any CPU
		{DE5B5BE9-6E2D-4FA6-9117-E7ED5BC43B3D}.Release|Any CPU.Build.0 = Release|Any CPU
		{DE5B5BE9-6E2D-4FA6-9117-E7ED5BC43B3D}.Release|x64.ActiveCfg = Release|Any CPU
		{DE5B5BE9-6E2D-4FA6-9117-E7ED5BC43B3D}.Release|x64.Build.0 = Release|Any CPU
		{DE5B5BE9-6E2D-4FA6-9117-E7ED5BC43B3D}.Release|x86.ActiveCfg = Release|Any CPU
		{DE5B5BE9-6E2D-4FA6-9117-E7ED5BC43B3D}.Release|x86.Build.0 = Release|Any CPU
		{A71FEF04-04F3-4333-AB42-3BA838AF0E6A}.Debug|Any CPU.ActiveCfg = Debug|Any CPU
		{A71FEF04-04F3-4333-AB42-3BA838AF0E6A}.Debug|Any CPU.Build.0 = Debug|Any CPU
		{A71FEF04-04F3-4333-AB42-3BA838AF0E6A}.Debug|x64.ActiveCfg = Debug|Any CPU
		{A71FEF04-04F3-4333-AB42-3BA838AF0E6A}.Debug|x64.Build.0 = Debug|Any CPU
		{A71FEF04-04F3-4333-AB42-3BA838AF0E6A}.Debug|x86.ActiveCfg = Debug|Any CPU
		{A71FEF04-04F3-4333-AB42-3BA838AF0E6A}.Debug|x86.Build.0 = Debug|Any CPU
		{A71FEF04-04F3-4333-AB42-3BA838AF0E6A}.Release|Any CPU.ActiveCfg = Release|Any CPU
		{A71FEF04-04F3-4333-AB42-3BA838AF0E6A}.Release|Any CPU.Build.0 = Release|Any CPU
		{A71FEF04-04F3-4333-AB42-3BA838AF0E6A}.Release|x64.ActiveCfg = Release|Any CPU
		{A71FEF04-04F3-4333-AB42-3BA838AF0E6A}.Release|x64.Build.0 = Release|Any CPU
		{A71FEF04-04F3-4333-AB42-3BA838AF0E6A}.Release|x86.ActiveCfg = Release|Any CPU
		{A71FEF04-04F3-4333-AB42-3BA838AF0E6A}.Release|x86.Build.0 = Release|Any CPU
		{7CBA519B-4A19-4A10-9699-BAAF86DD0996}.Debug|Any CPU.ActiveCfg = Debug|Any CPU
		{7CBA519B-4A19-4A10-9699-BAAF86DD0996}.Debug|Any CPU.Build.0 = Debug|Any CPU
		{7CBA519B-4A19-4A10-9699-BAAF86DD0996}.Debug|x64.ActiveCfg = Debug|Any CPU
		{7CBA519B-4A19-4A10-9699-BAAF86DD0996}.Debug|x64.Build.0 = Debug|Any CPU
		{7CBA519B-4A19-4A10-9699-BAAF86DD0996}.Debug|x86.ActiveCfg = Debug|Any CPU
		{7CBA519B-4A19-4A10-9699-BAAF86DD0996}.Debug|x86.Build.0 = Debug|Any CPU
		{7CBA519B-4A19-4A10-9699-BAAF86DD0996}.Release|Any CPU.ActiveCfg = Release|Any CPU
		{7CBA519B-4A19-4A10-9699-BAAF86DD0996}.Release|Any CPU.Build.0 = Release|Any CPU
		{7CBA519B-4A19-4A10-9699-BAAF86DD0996}.Release|x64.ActiveCfg = Release|Any CPU
		{7CBA519B-4A19-4A10-9699-BAAF86DD0996}.Release|x64.Build.0 = Release|Any CPU
		{7CBA519B-4A19-4A10-9699-BAAF86DD0996}.Release|x86.ActiveCfg = Release|Any CPU
		{7CBA519B-4A19-4A10-9699-BAAF86DD0996}.Release|x86.Build.0 = Release|Any CPU
		{00056BF1-E793-480A-9903-C027F7B1C166}.Debug|Any CPU.ActiveCfg = Debug|Any CPU
		{00056BF1-E793-480A-9903-C027F7B1C166}.Debug|Any CPU.Build.0 = Debug|Any CPU
		{00056BF1-E793-480A-9903-C027F7B1C166}.Debug|x64.ActiveCfg = Debug|Any CPU
		{00056BF1-E793-480A-9903-C027F7B1C166}.Debug|x64.Build.0 = Debug|Any CPU
		{00056BF1-E793-480A-9903-C027F7B1C166}.Debug|x86.ActiveCfg = Debug|Any CPU
		{00056BF1-E793-480A-9903-C027F7B1C166}.Debug|x86.Build.0 = Debug|Any CPU
		{00056BF1-E793-480A-9903-C027F7B1C166}.Release|Any CPU.ActiveCfg = Release|Any CPU
		{00056BF1-E793-480A-9903-C027F7B1C166}.Release|Any CPU.Build.0 = Release|Any CPU
		{00056BF1-E793-480A-9903-C027F7B1C166}.Release|x64.ActiveCfg = Release|Any CPU
		{00056BF1-E793-480A-9903-C027F7B1C166}.Release|x64.Build.0 = Release|Any CPU
		{00056BF1-E793-480A-9903-C027F7B1C166}.Release|x86.ActiveCfg = Release|Any CPU
		{00056BF1-E793-480A-9903-C027F7B1C166}.Release|x86.Build.0 = Release|Any CPU
		{7914CD14-EF7C-4588-83EF-E8BB1A9434D4}.Debug|Any CPU.ActiveCfg = Debug|Any CPU
		{7914CD14-EF7C-4588-83EF-E8BB1A9434D4}.Debug|Any CPU.Build.0 = Debug|Any CPU
		{7914CD14-EF7C-4588-83EF-E8BB1A9434D4}.Debug|x64.ActiveCfg = Debug|Any CPU
		{7914CD14-EF7C-4588-83EF-E8BB1A9434D4}.Debug|x64.Build.0 = Debug|Any CPU
		{7914CD14-EF7C-4588-83EF-E8BB1A9434D4}.Debug|x86.ActiveCfg = Debug|Any CPU
		{7914CD14-EF7C-4588-83EF-E8BB1A9434D4}.Debug|x86.Build.0 = Debug|Any CPU
		{7914CD14-EF7C-4588-83EF-E8BB1A9434D4}.Release|Any CPU.ActiveCfg = Release|Any CPU
		{7914CD14-EF7C-4588-83EF-E8BB1A9434D4}.Release|Any CPU.Build.0 = Release|Any CPU
		{7914CD14-EF7C-4588-83EF-E8BB1A9434D4}.Release|x64.ActiveCfg = Release|Any CPU
		{7914CD14-EF7C-4588-83EF-E8BB1A9434D4}.Release|x64.Build.0 = Release|Any CPU
		{7914CD14-EF7C-4588-83EF-E8BB1A9434D4}.Release|x86.ActiveCfg = Release|Any CPU
		{7914CD14-EF7C-4588-83EF-E8BB1A9434D4}.Release|x86.Build.0 = Release|Any CPU
		{A6418FDB-AA79-4ACB-92CA-729F8940682D}.Debug|Any CPU.ActiveCfg = Debug|Any CPU
		{A6418FDB-AA79-4ACB-92CA-729F8940682D}.Debug|Any CPU.Build.0 = Debug|Any CPU
		{A6418FDB-AA79-4ACB-92CA-729F8940682D}.Debug|x64.ActiveCfg = Debug|Any CPU
		{A6418FDB-AA79-4ACB-92CA-729F8940682D}.Debug|x64.Build.0 = Debug|Any CPU
		{A6418FDB-AA79-4ACB-92CA-729F8940682D}.Debug|x86.ActiveCfg = Debug|Any CPU
		{A6418FDB-AA79-4ACB-92CA-729F8940682D}.Debug|x86.Build.0 = Debug|Any CPU
		{A6418FDB-AA79-4ACB-92CA-729F8940682D}.Release|Any CPU.ActiveCfg = Release|Any CPU
		{A6418FDB-AA79-4ACB-92CA-729F8940682D}.Release|Any CPU.Build.0 = Release|Any CPU
		{A6418FDB-AA79-4ACB-92CA-729F8940682D}.Release|x64.ActiveCfg = Release|Any CPU
		{A6418FDB-AA79-4ACB-92CA-729F8940682D}.Release|x64.Build.0 = Release|Any CPU
		{A6418FDB-AA79-4ACB-92CA-729F8940682D}.Release|x86.ActiveCfg = Release|Any CPU
		{A6418FDB-AA79-4ACB-92CA-729F8940682D}.Release|x86.Build.0 = Release|Any CPU
	EndGlobalSection
	GlobalSection(SolutionProperties) = preSolution
		HideSolutionNode = FALSE
	EndGlobalSection
	GlobalSection(NestedProjects) = preSolution
		{F906B288-C7C9-4DDA-A8C8-0AACC2B0AE5E} = {827E0CD3-B72D-47B6-A68D-7590B98EB39B}
		{25C8B4DF-8175-4AFF-B83E-F5FA397E05E8} = {0AB3BF05-4346-4AA6-1389-037BE0695223}
		{1224ECCA-9DE5-4A3A-BD57-23BE1A0E4594} = {0AB3BF05-4346-4AA6-1389-037BE0695223}
		{2D85E13E-22B7-4790-B71E-CE5009381AB4} = {827E0CD3-B72D-47B6-A68D-7590B98EB39B}
		{4FD13881-5DB9-48E6-928E-5D2EAC1C6FAE} = {827E0CD3-B72D-47B6-A68D-7590B98EB39B}
		{DE5B5BE9-6E2D-4FA6-9117-E7ED5BC43B3D} = {084226A2-8533-49C9-82FD-B9F1FE3349AB}
		{A71FEF04-04F3-4333-AB42-3BA838AF0E6A} = {827E0CD3-B72D-47B6-A68D-7590B98EB39B}
		{7CBA519B-4A19-4A10-9699-BAAF86DD0996} = {084226A2-8533-49C9-82FD-B9F1FE3349AB}
		{00056BF1-E793-480A-9903-C027F7B1C166} = {0AB3BF05-4346-4AA6-1389-037BE0695223}
		{7914CD14-EF7C-4588-83EF-E8BB1A9434D4} = {0AB3BF05-4346-4AA6-1389-037BE0695223}
		{A6418FDB-AA79-4ACB-92CA-729F8940682D} = {0AB3BF05-4346-4AA6-1389-037BE0695223}
	EndGlobalSection
	GlobalSection(ExtensibilityGlobals) = postSolution
		SolutionGuid = {C80B2B88-11D1-4C2E-9732-6EAB6E858671}
	EndGlobalSection
EndGlobal
